
Microsoft Visual Studio Solution File, Format Version 12.00
# Visual Studio Version 17
VisualStudioVersion = 17.3.32929.385
MinimumVisualStudioVersion = 10.0.40219.1
Project("{FAE04EC0-301F-11D3-BF4B-00C04F79EFBC}") = "Beyond.Extensions", "Beyond.Extensions\Beyond.Extensions.csproj", "{F303B904-F21D-4A7D-BB1E-3C82284BFA4B}"
EndProject
Global
	GlobalSection(SolutionConfigurationPlatforms) = preSolution
		Debug|Any CPU = Debug|Any CPU
		Release|Any CPU = Release|Any CPU
	EndGlobalSection
	GlobalSection(ProjectConfigurationPlatforms) = postSolution
		{F303B904-F21D-4A7D-BB1E-3C82284BFA4B}.Debug|Any CPU.ActiveCfg = Debug|Any CPU
		{F303B904-F21D-4A7D-BB1E-3C82284BFA4B}.Debug|Any CPU.Build.0 = Debug|Any CPU
		{F303B904-F21D-4A7D-BB1E-3C82284BFA4B}.Release|Any CPU.ActiveCfg = Release|Any CPU
		{F303B904-F21D-4A7D-BB1E-3C82284BFA4B}.Release|Any CPU.Build.0 = Release|Any CPU
	EndGlobalSection
	GlobalSection(SolutionProperties) = preSolution
		HideSolutionNode = FALSE
	EndGlobalSection
	GlobalSection(ExtensibilityGlobals) = postSolution
		SolutionGuid = {D06698F2-BC97-428B-842E-6CE7AC356F02}
	EndGlobalSection
EndGlobal
